%{"alpaca": {:git, "https://github.com/alpaca-lang/alpaca", "106b99622aa94abaabfd33ed0a3aa0033925a4f9", [branch: "master"]},
  "alpaca_compiler": {:git, "https://github.com/lepoetemaudit/alpaca_mix_compiler", "8e88e367bcf26bf94ef46ede230d518f2a705b6e", [branch: "master"]},
  "epo_runtime": {:git, "git://github.com/brigadier/epo_runtime.git", "c403f40237abc93fedfbbed6462f77121bf14be9", [tag: "0.3"]}}
